// !$*UTF8*$!
{
	archiveVersion = 1;
	classes = {
	};
	objectVersion = 46;
	objects = {

/* Begin PBXBuildFile section */
		66AB09951D24CD06004985E9 /* main.m in Sources */ = {isa = PBXBuildFile; fileRef = 66AB09941D24CD06004985E9 /* main.m */; };
		66AB09981D24CD06004985E9 /* FGAppDelegate.m in Sources */ = {isa = PBXBuildFile; fileRef = 66AB09971D24CD06004985E9 /* FGAppDelegate.m */; };
		66AB099B1D24CD06004985E9 /* FGViewController.m in Sources */ = {isa = PBXBuildFile; fileRef = 66AB099A1D24CD06004985E9 /* FGViewController.m */; };
		66AB09A11D24CD06004985E9 /* students_demo.xcdatamodeld in Sources */ = {isa = PBXBuildFile; fileRef = 66AB099F1D24CD06004985E9 /* students_demo.xcdatamodeld */; };
		66AB09A31D24CD06004985E9 /* Assets.xcassets in Resources */ = {isa = PBXBuildFile; fileRef = 66AB09A21D24CD06004985E9 /* Assets.xcassets */; };
		66AB09A61D24CD06004985E9 /* LaunchScreen.storyboard in Resources */ = {isa = PBXBuildFile; fileRef = 66AB09A41D24CD06004985E9 /* LaunchScreen.storyboard */; };
		66AB09B11D24CD06004985E9 /* students_demoTests.m in Sources */ = {isa = PBXBuildFile; fileRef = 66AB09B01D24CD06004985E9 /* students_demoTests.m */; };
		66AB09CF1D24CFEE004985E9 /* FGDatabaseManager.m in Sources */ = {isa = PBXBuildFile; fileRef = 66AB09CE1D24CFEE004985E9 /* FGDatabaseManager.m */; };
		66AB09D61D24D783004985E9 /* FGStudentListTableViewController.m in Sources */ = {isa = PBXBuildFile; fileRef = 66AB09D51D24D783004985E9 /* FGStudentListTableViewController.m */; };
		66AB09D91D24D795004985E9 /* FGTableViewController.m in Sources */ = {isa = PBXBuildFile; fileRef = 66AB09D81D24D795004985E9 /* FGTableViewController.m */; };
		66AB09DC1D24D7D3004985E9 /* FGNavigationController.m in Sources */ = {isa = PBXBuildFile; fileRef = 66AB09DB1D24D7D3004985E9 /* FGNavigationController.m */; };
		66AB09DF1D24D835004985E9 /* FGTableView.m in Sources */ = {isa = PBXBuildFile; fileRef = 66AB09DE1D24D835004985E9 /* FGTableView.m */; };
		66AB09E31D24D966004985E9 /* UIColor+CustomColors.m in Sources */ = {isa = PBXBuildFile; fileRef = 66AB09E21D24D966004985E9 /* UIColor+CustomColors.m */; };
		66AB09E71D24DAEA004985E9 /* FGStudentDetailTableViewController.m in Sources */ = {isa = PBXBuildFile; fileRef = 66AB09E61D24DAEA004985E9 /* FGStudentDetailTableViewController.m */; };
		66AB09EC1D24DB1B004985E9 /* FGTableViewCell.m in Sources */ = {isa = PBXBuildFile; fileRef = 66AB09EB1D24DB1B004985E9 /* FGTableViewCell.m */; };
		66AB09F41D24DC2D004985E9 /* FGSessionProvider.m in Sources */ = {isa = PBXBuildFile; fileRef = 66AB09F31D24DC2D004985E9 /* FGSessionProvider.m */; };
		66AB09F71D24DE01004985E9 /* FGRemoteDataFetcher.m in Sources */ = {isa = PBXBuildFile; fileRef = 66AB09F61D24DE01004985E9 /* FGRemoteDataFetcher.m */; };
		66AB09FA1D24DE95004985E9 /* FGStudentFetcher.m in Sources */ = {isa = PBXBuildFile; fileRef = 66AB09F91D24DE95004985E9 /* FGStudentFetcher.m */; };
		66AB09FD1D24E198004985E9 /* FGJSONConverter.m in Sources */ = {isa = PBXBuildFile; fileRef = 66AB09FC1D24E198004985E9 /* FGJSONConverter.m */; };
		66AB0A001D24E48A004985E9 /* FGAnalytics.m in Sources */ = {isa = PBXBuildFile; fileRef = 66AB09FF1D24E48A004985E9 /* FGAnalytics.m */; };
		66AB0A031D24E506004985E9 /* FGCrashReporter.m in Sources */ = {isa = PBXBuildFile; fileRef = 66AB0A021D24E506004985E9 /* FGCrashReporter.m */; };
		66AB0A141D24E90E004985E9 /* FGLogger.m in Sources */ = {isa = PBXBuildFile; fileRef = 66AB0A131D24E90E004985E9 /* FGLogger.m */; };
		66AB0A171D24EDC5004985E9 /* FGStudentAPIKeys.m in Sources */ = {isa = PBXBuildFile; fileRef = 66AB0A161D24EDC5004985E9 /* FGStudentAPIKeys.m */; };
		66AB0A1E1D24F87C004985E9 /* FGRootViewController.m in Sources */ = {isa = PBXBuildFile; fileRef = 66AB0A1D1D24F87C004985E9 /* FGRootViewController.m */; };
		66AB0A211D24FAAC004985E9 /* FGLocalization.m in Sources */ = {isa = PBXBuildFile; fileRef = 66AB0A201D24FAAC004985E9 /* FGLocalization.m */; };
		66AB0A2A1D259C96004985E9 /* _FGAvatarImageFile.m in Sources */ = {isa = PBXBuildFile; fileRef = 66AB0A231D259C96004985E9 /* _FGAvatarImageFile.m */; };
		66AB0A2B1D259C96004985E9 /* _FGFile.m in Sources */ = {isa = PBXBuildFile; fileRef = 66AB0A251D259C96004985E9 /* _FGFile.m */; };
		66AB0A2C1D259C96004985E9 /* _FGImageFile.m in Sources */ = {isa = PBXBuildFile; fileRef = 66AB0A271D259C96004985E9 /* _FGImageFile.m */; };
		66AB0A2D1D259C96004985E9 /* _FGStudent.m in Sources */ = {isa = PBXBuildFile; fileRef = 66AB0A291D259C96004985E9 /* _FGStudent.m */; };
		66AB0A361D259D03004985E9 /* FGAvatarImageFile.m in Sources */ = {isa = PBXBuildFile; fileRef = 66AB0A2F1D259D03004985E9 /* FGAvatarImageFile.m */; };
		66AB0A371D259D03004985E9 /* FGFile.m in Sources */ = {isa = PBXBuildFile; fileRef = 66AB0A311D259D03004985E9 /* FGFile.m */; };
		66AB0A381D259D03004985E9 /* FGImageFile.m in Sources */ = {isa = PBXBuildFile; fileRef = 66AB0A331D259D03004985E9 /* FGImageFile.m */; };
		66AB0A391D259D03004985E9 /* FGStudent.m in Sources */ = {isa = PBXBuildFile; fileRef = 66AB0A351D259D03004985E9 /* FGStudent.m */; };
		66AB0A3C1D25A551004985E9 /* FGJSONObjectFetcher.m in Sources */ = {isa = PBXBuildFile; fileRef = 66AB0A3B1D25A551004985E9 /* FGJSONObjectFetcher.m */; };
		66AB0A401D25A56A004985E9 /* FGImageFetcher.m in Sources */ = {isa = PBXBuildFile; fileRef = 66AB0A3F1D25A56A004985E9 /* FGImageFetcher.m */; };
		66AB0A431D25A705004985E9 /* FGImageCache.m in Sources */ = {isa = PBXBuildFile; fileRef = 66AB0A421D25A705004985E9 /* FGImageCache.m */; };
		66AB0A461D25A88F004985E9 /* FGLocalPaths.m in Sources */ = {isa = PBXBuildFile; fileRef = 66AB0A451D25A88F004985E9 /* FGLocalPaths.m */; };
		66AB0A491D25B002004985E9 /* FGImageLoader.m in Sources */ = {isa = PBXBuildFile; fileRef = 66AB0A481D25B002004985E9 /* FGImageLoader.m */; };
		66AB0A4C1D25B321004985E9 /* FGFetchedResultsTableViewController.m in Sources */ = {isa = PBXBuildFile; fileRef = 66AB0A4B1D25B321004985E9 /* FGFetchedResultsTableViewController.m */; };
		66AB0A4F1D25B9FF004985E9 /* FGStudentTableViewCell.m in Sources */ = {isa = PBXBuildFile; fileRef = 66AB0A4E1D25B9FF004985E9 /* FGStudentTableViewCell.m */; };
		66AB0A531D25C1A1004985E9 /* FGMainMenuTableViewController.m in Sources */ = {isa = PBXBuildFile; fileRef = 66AB0A521D25C1A1004985E9 /* FGMainMenuTableViewController.m */; };
		66AB0A571D25C38A004985E9 /* FGMainMenuTableViewDataSource.m in Sources */ = {isa = PBXBuildFile; fileRef = 66AB0A561D25C38A004985E9 /* FGMainMenuTableViewDataSource.m */; };
		66AB0A5B1D25C3D1004985E9 /* FGMainMenuTableViewCell.m in Sources */ = {isa = PBXBuildFile; fileRef = 66AB0A5A1D25C3D1004985E9 /* FGMainMenuTableViewCell.m */; };
		66AB0A5F1D25C4FC004985E9 /* FGMenuItem.m in Sources */ = {isa = PBXBuildFile; fileRef = 66AB0A5E1D25C4FC004985E9 /* FGMenuItem.m */; };
		66AB0A621D25C7AF004985E9 /* MenuItems.plist in Resources */ = {isa = PBXBuildFile; fileRef = 66AB0A611D25C7AF004985E9 /* MenuItems.plist */; };
		66AB0A651D25C7F4004985E9 /* FGMenuItemProvider.m in Sources */ = {isa = PBXBuildFile; fileRef = 66AB0A641D25C7F4004985E9 /* FGMenuItemProvider.m */; };
		66AB0A681D25D4D8004985E9 /* FGNewStudentTableViewController.m in Sources */ = {isa = PBXBuildFile; fileRef = 66AB0A671D25D4D8004985E9 /* FGNewStudentTableViewController.m */; };
		66AB0A6B1D25DEFC004985E9 /* FGAddRandomStudentTableViewCell.m in Sources */ = {isa = PBXBuildFile; fileRef = 66AB0A6A1D25DEFC004985E9 /* FGAddRandomStudentTableViewCell.m */; };
		66AB0A6F1D25DF1B004985E9 /* FGAvatarTableViewCell.m in Sources */ = {isa = PBXBuildFile; fileRef = 66AB0A6E1D25DF1B004985E9 /* FGAvatarTableViewCell.m */; };
		66AB0A721D25DF32004985E9 /* FGAddPhotoTableViewCell.m in Sources */ = {isa = PBXBuildFile; fileRef = 66AB0A711D25DF32004985E9 /* FGAddPhotoTableViewCell.m */; };
		66AB0A751D25DF6A004985E9 /* FGTextFieldTableViewCell.m in Sources */ = {isa = PBXBuildFile; fileRef = 66AB0A741D25DF6A004985E9 /* FGTextFieldTableViewCell.m */; };
		66AB0A781D25DFFB004985E9 /* FGTextField.m in Sources */ = {isa = PBXBuildFile; fileRef = 66AB0A771D25DFFB004985E9 /* FGTextField.m */; };
		66AB0A7B1D25E123004985E9 /* FGImageView.m in Sources */ = {isa = PBXBuildFile; fileRef = 66AB0A7A1D25E123004985E9 /* FGImageView.m */; };
		66AB0A7E1D25E1D1004985E9 /* FGView.m in Sources */ = {isa = PBXBuildFile; fileRef = 66AB0A7D1D25E1D1004985E9 /* FGView.m */; };
		66AB0A811D25E598004985E9 /* FGLoaderImageView.m in Sources */ = {isa = PBXBuildFile; fileRef = 66AB0A801D25E598004985E9 /* FGLoaderImageView.m */; };
		66AB0A841D25E5C4004985E9 /* FGAvatarImageView.m in Sources */ = {isa = PBXBuildFile; fileRef = 66AB0A831D25E5C4004985E9 /* FGAvatarImageView.m */; };
		66AB0A881D25EDD6004985E9 /* FGTransparentTableViewCell.m in Sources */ = {isa = PBXBuildFile; fileRef = 66AB0A871D25EDD6004985E9 /* FGTransparentTableViewCell.m */; };
		66AB0A8B1D25EF2B004985E9 /* FGFirstNameTextFieldTableViewCell.m in Sources */ = {isa = PBXBuildFile; fileRef = 66AB0A8A1D25EF2B004985E9 /* FGFirstNameTextFieldTableViewCell.m */; };
		66AB0A8E1D25EF34004985E9 /* FGLastNameTextFieldTableViewCell.m in Sources */ = {isa = PBXBuildFile; fileRef = 66AB0A8D1D25EF34004985E9 /* FGLastNameTextFieldTableViewCell.m */; };
		66AB0A911D25F4C1004985E9 /* FGScrollViewController.m in Sources */ = {isa = PBXBuildFile; fileRef = 66AB0A901D25F4C1004985E9 /* FGScrollViewController.m */; };
		66AB0A941D25F4DA004985E9 /* FGScrollView.m in Sources */ = {isa = PBXBuildFile; fileRef = 66AB0A931D25F4DA004985E9 /* FGScrollView.m */; };
		66AB0A971D25F60B004985E9 /* FGLabel.m in Sources */ = {isa = PBXBuildFile; fileRef = 66AB0A961D25F60B004985E9 /* FGLabel.m */; };
		66AB0A9A1D25FAEE004985E9 /* FGSeparatedTableViewCell.m in Sources */ = {isa = PBXBuildFile; fileRef = 66AB0A991D25FAEE004985E9 /* FGSeparatedTableViewCell.m */; };
		66AB0A9D1D260177004985E9 /* FGActivityIndicatorView.m in Sources */ = {isa = PBXBuildFile; fileRef = 66AB0A9C1D260177004985E9 /* FGActivityIndicatorView.m */; };
		66AB0AA01D2601EA004985E9 /* FGButtonedTableViewCell.m in Sources */ = {isa = PBXBuildFile; fileRef = 66AB0A9F1D2601EA004985E9 /* FGButtonedTableViewCell.m */; };
		66AB0AA51D2603B8004985E9 /* FGImagePickerViewController.m in Sources */ = {isa = PBXBuildFile; fileRef = 66AB0AA41D2603B8004985E9 /* FGImagePickerViewController.m */; };
		66AB0AA81D277A43004985E9 /* FGAlertView.m in Sources */ = {isa = PBXBuildFile; fileRef = 66AB0AA71D277A43004985E9 /* FGAlertView.m */; };
		66AB0AAB1D2781E3004985E9 /* FGButton.m in Sources */ = {isa = PBXBuildFile; fileRef = 66AB0AAA1D2781E3004985E9 /* FGButton.m */; };
		66AB0AAE1D278DAB004985E9 /* FGAvatarImageFileCreator.m in Sources */ = {isa = PBXBuildFile; fileRef = 66AB0AAD1D278DAB004985E9 /* FGAvatarImageFileCreator.m */; };
		66AB0AB31D278FE8004985E9 /* FGFirstNameTableViewCell.m in Sources */ = {isa = PBXBuildFile; fileRef = 66AB0AB21D278FE8004985E9 /* FGFirstNameTableViewCell.m */; };
		66AB0AB61D278FF9004985E9 /* FGLastNameTableViewCell.m in Sources */ = {isa = PBXBuildFile; fileRef = 66AB0AB51D278FF9004985E9 /* FGLastNameTableViewCell.m */; };
		66AB0ABA1D279063004985E9 /* FGBaseStudentTableViewCell.m in Sources */ = {isa = PBXBuildFile; fileRef = 66AB0AB91D279063004985E9 /* FGBaseStudentTableViewCell.m */; };
		66AB0ABD1D279374004985E9 /* FGStudentAvatarTableViewCell.m in Sources */ = {isa = PBXBuildFile; fileRef = 66AB0ABC1D279374004985E9 /* FGStudentAvatarTableViewCell.m */; };
		66AB0AC01D2850DF004985E9 /* FGStudentNameContainerTableViewCell.m in Sources */ = {isa = PBXBuildFile; fileRef = 66AB0ABF1D2850DF004985E9 /* FGStudentNameContainerTableViewCell.m */; };
		66AB0AC41D285245004985E9 /* FGBaseStudentTableViewController.m in Sources */ = {isa = PBXBuildFile; fileRef = 66AB0AC31D285245004985E9 /* FGBaseStudentTableViewController.m */; };
/* End PBXBuildFile section */

/* Begin PBXContainerItemProxy section */
		66AB09AD1D24CD06004985E9 /* PBXContainerItemProxy */ = {
			isa = PBXContainerItemProxy;
			containerPortal = 66AB09881D24CD05004985E9 /* Project object */;
			proxyType = 1;
			remoteGlobalIDString = 66AB098F1D24CD05004985E9;
			remoteInfo = "students-demo";
		};
		66AB09B81D24CD06004985E9 /* PBXContainerItemProxy */ = {
			isa = PBXContainerItemProxy;
			containerPortal = 66AB09881D24CD05004985E9 /* Project object */;
			proxyType = 1;
			remoteGlobalIDString = 66AB098F1D24CD05004985E9;
			remoteInfo = "students-demo";
		};
/* End PBXContainerItemProxy section */

/* Begin PBXFileReference section */
		66AB09901D24CD05004985E9 /* students-demo.app */ = {isa = PBXFileReference; explicitFileType = wrapper.application; includeInIndex = 0; path = "students-demo.app"; sourceTree = BUILT_PRODUCTS_DIR; };
		66AB09941D24CD06004985E9 /* main.m */ = {isa = PBXFileReference; lastKnownFileType = sourcecode.c.objc; path = main.m; sourceTree = "<group>"; };
		66AB09961D24CD06004985E9 /* FGAppDelegate.h */ = {isa = PBXFileReference; lastKnownFileType = sourcecode.c.h; path = FGAppDelegate.h; sourceTree = "<group>"; };
		66AB09971D24CD06004985E9 /* FGAppDelegate.m */ = {isa = PBXFileReference; lastKnownFileType = sourcecode.c.objc; path = FGAppDelegate.m; sourceTree = "<group>"; };
		66AB09991D24CD06004985E9 /* FGViewController.h */ = {isa = PBXFileReference; lastKnownFileType = sourcecode.c.h; path = FGViewController.h; sourceTree = "<group>"; };
		66AB099A1D24CD06004985E9 /* FGViewController.m */ = {isa = PBXFileReference; lastKnownFileType = sourcecode.c.objc; path = FGViewController.m; sourceTree = "<group>"; };
		66AB09A01D24CD06004985E9 /* students_demo.xcdatamodel */ = {isa = PBXFileReference; lastKnownFileType = wrapper.xcdatamodel; path = students_demo.xcdatamodel; sourceTree = "<group>"; };
		66AB09A21D24CD06004985E9 /* Assets.xcassets */ = {isa = PBXFileReference; lastKnownFileType = folder.assetcatalog; path = Assets.xcassets; sourceTree = "<group>"; };
		66AB09A51D24CD06004985E9 /* Base */ = {isa = PBXFileReference; lastKnownFileType = file.storyboard; name = Base; path = Base.lproj/LaunchScreen.storyboard; sourceTree = "<group>"; };
		66AB09A71D24CD06004985E9 /* Info.plist */ = {isa = PBXFileReference; lastKnownFileType = text.plist.xml; path = Info.plist; sourceTree = "<group>"; };
		66AB09AC1D24CD06004985E9 /* students-demoTests.xctest */ = {isa = PBXFileReference; explicitFileType = wrapper.cfbundle; includeInIndex = 0; path = "students-demoTests.xctest"; sourceTree = BUILT_PRODUCTS_DIR; };
		66AB09B01D24CD06004985E9 /* students_demoTests.m */ = {isa = PBXFileReference; lastKnownFileType = sourcecode.c.objc; path = students_demoTests.m; sourceTree = "<group>"; };
		66AB09B21D24CD06004985E9 /* Info.plist */ = {isa = PBXFileReference; lastKnownFileType = text.plist.xml; path = Info.plist; sourceTree = "<group>"; };
		66AB09B71D24CD06004985E9 /* students-demoUITests.xctest */ = {isa = PBXFileReference; explicitFileType = wrapper.cfbundle; includeInIndex = 0; path = "students-demoUITests.xctest"; sourceTree = BUILT_PRODUCTS_DIR; };
		66AB09CD1D24CFEE004985E9 /* FGDatabaseManager.h */ = {isa = PBXFileReference; fileEncoding = 4; lastKnownFileType = sourcecode.c.h; path = FGDatabaseManager.h; sourceTree = "<group>"; };
		66AB09CE1D24CFEE004985E9 /* FGDatabaseManager.m */ = {isa = PBXFileReference; fileEncoding = 4; lastKnownFileType = sourcecode.c.objc; path = FGDatabaseManager.m; sourceTree = "<group>"; };
		66AB09D41D24D783004985E9 /* FGStudentListTableViewController.h */ = {isa = PBXFileReference; fileEncoding = 4; lastKnownFileType = sourcecode.c.h; path = FGStudentListTableViewController.h; sourceTree = "<group>"; };
		66AB09D51D24D783004985E9 /* FGStudentListTableViewController.m */ = {isa = PBXFileReference; fileEncoding = 4; lastKnownFileType = sourcecode.c.objc; path = FGStudentListTableViewController.m; sourceTree = "<group>"; };
		66AB09D71D24D795004985E9 /* FGTableViewController.h */ = {isa = PBXFileReference; fileEncoding = 4; lastKnownFileType = sourcecode.c.h; path = FGTableViewController.h; sourceTree = "<group>"; };
		66AB09D81D24D795004985E9 /* FGTableViewController.m */ = {isa = PBXFileReference; fileEncoding = 4; lastKnownFileType = sourcecode.c.objc; path = FGTableViewController.m; sourceTree = "<group>"; };
		66AB09DA1D24D7D3004985E9 /* FGNavigationController.h */ = {isa = PBXFileReference; fileEncoding = 4; lastKnownFileType = sourcecode.c.h; path = FGNavigationController.h; sourceTree = "<group>"; };
		66AB09DB1D24D7D3004985E9 /* FGNavigationController.m */ = {isa = PBXFileReference; fileEncoding = 4; lastKnownFileType = sourcecode.c.objc; path = FGNavigationController.m; sourceTree = "<group>"; };
		66AB09DD1D24D835004985E9 /* FGTableView.h */ = {isa = PBXFileReference; fileEncoding = 4; lastKnownFileType = sourcecode.c.h; path = FGTableView.h; sourceTree = "<group>"; };
		66AB09DE1D24D835004985E9 /* FGTableView.m */ = {isa = PBXFileReference; fileEncoding = 4; lastKnownFileType = sourcecode.c.objc; path = FGTableView.m; sourceTree = "<group>"; };
		66AB09E11D24D966004985E9 /* UIColor+CustomColors.h */ = {isa = PBXFileReference; fileEncoding = 4; lastKnownFileType = sourcecode.c.h; path = "UIColor+CustomColors.h"; sourceTree = "<group>"; };
		66AB09E21D24D966004985E9 /* UIColor+CustomColors.m */ = {isa = PBXFileReference; fileEncoding = 4; lastKnownFileType = sourcecode.c.objc; path = "UIColor+CustomColors.m"; sourceTree = "<group>"; };
		66AB09E51D24DAEA004985E9 /* FGStudentDetailTableViewController.h */ = {isa = PBXFileReference; fileEncoding = 4; lastKnownFileType = sourcecode.c.h; path = FGStudentDetailTableViewController.h; sourceTree = "<group>"; };
		66AB09E61D24DAEA004985E9 /* FGStudentDetailTableViewController.m */ = {isa = PBXFileReference; fileEncoding = 4; lastKnownFileType = sourcecode.c.objc; path = FGStudentDetailTableViewController.m; sourceTree = "<group>"; };
		66AB09EA1D24DB1B004985E9 /* FGTableViewCell.h */ = {isa = PBXFileReference; fileEncoding = 4; lastKnownFileType = sourcecode.c.h; path = FGTableViewCell.h; sourceTree = "<group>"; };
		66AB09EB1D24DB1B004985E9 /* FGTableViewCell.m */ = {isa = PBXFileReference; fileEncoding = 4; lastKnownFileType = sourcecode.c.objc; path = FGTableViewCell.m; sourceTree = "<group>"; };
		66AB09F21D24DC2D004985E9 /* FGSessionProvider.h */ = {isa = PBXFileReference; fileEncoding = 4; lastKnownFileType = sourcecode.c.h; path = FGSessionProvider.h; sourceTree = "<group>"; };
		66AB09F31D24DC2D004985E9 /* FGSessionProvider.m */ = {isa = PBXFileReference; fileEncoding = 4; lastKnownFileType = sourcecode.c.objc; path = FGSessionProvider.m; sourceTree = "<group>"; };
		66AB09F51D24DE01004985E9 /* FGRemoteDataFetcher.h */ = {isa = PBXFileReference; fileEncoding = 4; lastKnownFileType = sourcecode.c.h; path = FGRemoteDataFetcher.h; sourceTree = "<group>"; };
		66AB09F61D24DE01004985E9 /* FGRemoteDataFetcher.m */ = {isa = PBXFileReference; fileEncoding = 4; lastKnownFileType = sourcecode.c.objc; path = FGRemoteDataFetcher.m; sourceTree = "<group>"; };
		66AB09F81D24DE95004985E9 /* FGStudentFetcher.h */ = {isa = PBXFileReference; fileEncoding = 4; lastKnownFileType = sourcecode.c.h; path = FGStudentFetcher.h; sourceTree = "<group>"; };
		66AB09F91D24DE95004985E9 /* FGStudentFetcher.m */ = {isa = PBXFileReference; fileEncoding = 4; lastKnownFileType = sourcecode.c.objc; path = FGStudentFetcher.m; sourceTree = "<group>"; };
		66AB09FB1D24E198004985E9 /* FGJSONConverter.h */ = {isa = PBXFileReference; fileEncoding = 4; lastKnownFileType = sourcecode.c.h; path = FGJSONConverter.h; sourceTree = "<group>"; };
		66AB09FC1D24E198004985E9 /* FGJSONConverter.m */ = {isa = PBXFileReference; fileEncoding = 4; lastKnownFileType = sourcecode.c.objc; path = FGJSONConverter.m; sourceTree = "<group>"; };
		66AB09FE1D24E48A004985E9 /* FGAnalytics.h */ = {isa = PBXFileReference; fileEncoding = 4; lastKnownFileType = sourcecode.c.h; path = FGAnalytics.h; sourceTree = "<group>"; };
		66AB09FF1D24E48A004985E9 /* FGAnalytics.m */ = {isa = PBXFileReference; fileEncoding = 4; lastKnownFileType = sourcecode.c.objc; path = FGAnalytics.m; sourceTree = "<group>"; };
		66AB0A011D24E506004985E9 /* FGCrashReporter.h */ = {isa = PBXFileReference; fileEncoding = 4; lastKnownFileType = sourcecode.c.h; path = FGCrashReporter.h; sourceTree = "<group>"; };
		66AB0A021D24E506004985E9 /* FGCrashReporter.m */ = {isa = PBXFileReference; fileEncoding = 4; lastKnownFileType = sourcecode.c.objc; path = FGCrashReporter.m; sourceTree = "<group>"; };
		66AB0A121D24E90E004985E9 /* FGLogger.h */ = {isa = PBXFileReference; fileEncoding = 4; lastKnownFileType = sourcecode.c.h; path = FGLogger.h; sourceTree = "<group>"; };
		66AB0A131D24E90E004985E9 /* FGLogger.m */ = {isa = PBXFileReference; fileEncoding = 4; lastKnownFileType = sourcecode.c.objc; path = FGLogger.m; sourceTree = "<group>"; };
		66AB0A151D24EDC5004985E9 /* FGStudentAPIKeys.h */ = {isa = PBXFileReference; fileEncoding = 4; lastKnownFileType = sourcecode.c.h; path = FGStudentAPIKeys.h; sourceTree = "<group>"; };
		66AB0A161D24EDC5004985E9 /* FGStudentAPIKeys.m */ = {isa = PBXFileReference; fileEncoding = 4; lastKnownFileType = sourcecode.c.objc; path = FGStudentAPIKeys.m; sourceTree = "<group>"; };
		66AB0A1C1D24F87C004985E9 /* FGRootViewController.h */ = {isa = PBXFileReference; fileEncoding = 4; lastKnownFileType = sourcecode.c.h; path = FGRootViewController.h; sourceTree = "<group>"; };
		66AB0A1D1D24F87C004985E9 /* FGRootViewController.m */ = {isa = PBXFileReference; fileEncoding = 4; lastKnownFileType = sourcecode.c.objc; path = FGRootViewController.m; sourceTree = "<group>"; };
		66AB0A1F1D24FAAC004985E9 /* FGLocalization.h */ = {isa = PBXFileReference; fileEncoding = 4; lastKnownFileType = sourcecode.c.h; path = FGLocalization.h; sourceTree = "<group>"; };
		66AB0A201D24FAAC004985E9 /* FGLocalization.m */ = {isa = PBXFileReference; fileEncoding = 4; lastKnownFileType = sourcecode.c.objc; path = FGLocalization.m; sourceTree = "<group>"; };
		66AB0A221D259C96004985E9 /* _FGAvatarImageFile.h */ = {isa = PBXFileReference; fileEncoding = 4; lastKnownFileType = sourcecode.c.h; path = _FGAvatarImageFile.h; sourceTree = "<group>"; };
		66AB0A231D259C96004985E9 /* _FGAvatarImageFile.m */ = {isa = PBXFileReference; fileEncoding = 4; lastKnownFileType = sourcecode.c.objc; path = _FGAvatarImageFile.m; sourceTree = "<group>"; };
		66AB0A241D259C96004985E9 /* _FGFile.h */ = {isa = PBXFileReference; fileEncoding = 4; lastKnownFileType = sourcecode.c.h; path = _FGFile.h; sourceTree = "<group>"; };
		66AB0A251D259C96004985E9 /* _FGFile.m */ = {isa = PBXFileReference; fileEncoding = 4; lastKnownFileType = sourcecode.c.objc; path = _FGFile.m; sourceTree = "<group>"; };
		66AB0A261D259C96004985E9 /* _FGImageFile.h */ = {isa = PBXFileReference; fileEncoding = 4; lastKnownFileType = sourcecode.c.h; path = _FGImageFile.h; sourceTree = "<group>"; };
		66AB0A271D259C96004985E9 /* _FGImageFile.m */ = {isa = PBXFileReference; fileEncoding = 4; lastKnownFileType = sourcecode.c.objc; path = _FGImageFile.m; sourceTree = "<group>"; };
		66AB0A281D259C96004985E9 /* _FGStudent.h */ = {isa = PBXFileReference; fileEncoding = 4; lastKnownFileType = sourcecode.c.h; path = _FGStudent.h; sourceTree = "<group>"; };
		66AB0A291D259C96004985E9 /* _FGStudent.m */ = {isa = PBXFileReference; fileEncoding = 4; lastKnownFileType = sourcecode.c.objc; path = _FGStudent.m; sourceTree = "<group>"; };
		66AB0A2E1D259D03004985E9 /* FGAvatarImageFile.h */ = {isa = PBXFileReference; fileEncoding = 4; lastKnownFileType = sourcecode.c.h; path = FGAvatarImageFile.h; sourceTree = "<group>"; };
		66AB0A2F1D259D03004985E9 /* FGAvatarImageFile.m */ = {isa = PBXFileReference; fileEncoding = 4; lastKnownFileType = sourcecode.c.objc; path = FGAvatarImageFile.m; sourceTree = "<group>"; };
		66AB0A301D259D03004985E9 /* FGFile.h */ = {isa = PBXFileReference; fileEncoding = 4; lastKnownFileType = sourcecode.c.h; path = FGFile.h; sourceTree = "<group>"; };
		66AB0A311D259D03004985E9 /* FGFile.m */ = {isa = PBXFileReference; fileEncoding = 4; lastKnownFileType = sourcecode.c.objc; path = FGFile.m; sourceTree = "<group>"; };
		66AB0A321D259D03004985E9 /* FGImageFile.h */ = {isa = PBXFileReference; fileEncoding = 4; lastKnownFileType = sourcecode.c.h; path = FGImageFile.h; sourceTree = "<group>"; };
		66AB0A331D259D03004985E9 /* FGImageFile.m */ = {isa = PBXFileReference; fileEncoding = 4; lastKnownFileType = sourcecode.c.objc; path = FGImageFile.m; sourceTree = "<group>"; };
		66AB0A341D259D03004985E9 /* FGStudent.h */ = {isa = PBXFileReference; fileEncoding = 4; lastKnownFileType = sourcecode.c.h; path = FGStudent.h; sourceTree = "<group>"; };
		66AB0A351D259D03004985E9 /* FGStudent.m */ = {isa = PBXFileReference; fileEncoding = 4; lastKnownFileType = sourcecode.c.objc; path = FGStudent.m; sourceTree = "<group>"; };
		66AB0A3A1D25A551004985E9 /* FGJSONObjectFetcher.h */ = {isa = PBXFileReference; fileEncoding = 4; lastKnownFileType = sourcecode.c.h; path = FGJSONObjectFetcher.h; sourceTree = "<group>"; };
		66AB0A3B1D25A551004985E9 /* FGJSONObjectFetcher.m */ = {isa = PBXFileReference; fileEncoding = 4; lastKnownFileType = sourcecode.c.objc; path = FGJSONObjectFetcher.m; sourceTree = "<group>"; };
		66AB0A3E1D25A56A004985E9 /* FGImageFetcher.h */ = {isa = PBXFileReference; fileEncoding = 4; lastKnownFileType = sourcecode.c.h; path = FGImageFetcher.h; sourceTree = "<group>"; };
		66AB0A3F1D25A56A004985E9 /* FGImageFetcher.m */ = {isa = PBXFileReference; fileEncoding = 4; lastKnownFileType = sourcecode.c.objc; path = FGImageFetcher.m; sourceTree = "<group>"; };
		66AB0A411D25A705004985E9 /* FGImageCache.h */ = {isa = PBXFileReference; fileEncoding = 4; lastKnownFileType = sourcecode.c.h; path = FGImageCache.h; sourceTree = "<group>"; };
		66AB0A421D25A705004985E9 /* FGImageCache.m */ = {isa = PBXFileReference; fileEncoding = 4; lastKnownFileType = sourcecode.c.objc; path = FGImageCache.m; sourceTree = "<group>"; };
		66AB0A441D25A88F004985E9 /* FGLocalPaths.h */ = {isa = PBXFileReference; fileEncoding = 4; lastKnownFileType = sourcecode.c.h; path = FGLocalPaths.h; sourceTree = "<group>"; };
		66AB0A451D25A88F004985E9 /* FGLocalPaths.m */ = {isa = PBXFileReference; fileEncoding = 4; lastKnownFileType = sourcecode.c.objc; path = FGLocalPaths.m; sourceTree = "<group>"; };
		66AB0A471D25B002004985E9 /* FGImageLoader.h */ = {isa = PBXFileReference; fileEncoding = 4; lastKnownFileType = sourcecode.c.h; path = FGImageLoader.h; sourceTree = "<group>"; };
		66AB0A481D25B002004985E9 /* FGImageLoader.m */ = {isa = PBXFileReference; fileEncoding = 4; lastKnownFileType = sourcecode.c.objc; path = FGImageLoader.m; sourceTree = "<group>"; };
		66AB0A4A1D25B321004985E9 /* FGFetchedResultsTableViewController.h */ = {isa = PBXFileReference; fileEncoding = 4; lastKnownFileType = sourcecode.c.h; path = FGFetchedResultsTableViewController.h; sourceTree = "<group>"; };
		66AB0A4B1D25B321004985E9 /* FGFetchedResultsTableViewController.m */ = {isa = PBXFileReference; fileEncoding = 4; lastKnownFileType = sourcecode.c.objc; path = FGFetchedResultsTableViewController.m; sourceTree = "<group>"; };
		66AB0A4D1D25B9FF004985E9 /* FGStudentTableViewCell.h */ = {isa = PBXFileReference; fileEncoding = 4; lastKnownFileType = sourcecode.c.h; path = FGStudentTableViewCell.h; sourceTree = "<group>"; };
		66AB0A4E1D25B9FF004985E9 /* FGStudentTableViewCell.m */ = {isa = PBXFileReference; fileEncoding = 4; lastKnownFileType = sourcecode.c.objc; path = FGStudentTableViewCell.m; sourceTree = "<group>"; };
		66AB0A511D25C1A1004985E9 /* FGMainMenuTableViewController.h */ = {isa = PBXFileReference; fileEncoding = 4; lastKnownFileType = sourcecode.c.h; path = FGMainMenuTableViewController.h; sourceTree = "<group>"; };
		66AB0A521D25C1A1004985E9 /* FGMainMenuTableViewController.m */ = {isa = PBXFileReference; fileEncoding = 4; lastKnownFileType = sourcecode.c.objc; path = FGMainMenuTableViewController.m; sourceTree = "<group>"; };
		66AB0A551D25C38A004985E9 /* FGMainMenuTableViewDataSource.h */ = {isa = PBXFileReference; fileEncoding = 4; lastKnownFileType = sourcecode.c.h; path = FGMainMenuTableViewDataSource.h; sourceTree = "<group>"; };
		66AB0A561D25C38A004985E9 /* FGMainMenuTableViewDataSource.m */ = {isa = PBXFileReference; fileEncoding = 4; lastKnownFileType = sourcecode.c.objc; path = FGMainMenuTableViewDataSource.m; sourceTree = "<group>"; };
		66AB0A591D25C3D1004985E9 /* FGMainMenuTableViewCell.h */ = {isa = PBXFileReference; fileEncoding = 4; lastKnownFileType = sourcecode.c.h; path = FGMainMenuTableViewCell.h; sourceTree = "<group>"; };
		66AB0A5A1D25C3D1004985E9 /* FGMainMenuTableViewCell.m */ = {isa = PBXFileReference; fileEncoding = 4; lastKnownFileType = sourcecode.c.objc; path = FGMainMenuTableViewCell.m; sourceTree = "<group>"; };
		66AB0A5D1D25C4FC004985E9 /* FGMenuItem.h */ = {isa = PBXFileReference; fileEncoding = 4; lastKnownFileType = sourcecode.c.h; path = FGMenuItem.h; sourceTree = "<group>"; };
		66AB0A5E1D25C4FC004985E9 /* FGMenuItem.m */ = {isa = PBXFileReference; fileEncoding = 4; lastKnownFileType = sourcecode.c.objc; path = FGMenuItem.m; sourceTree = "<group>"; };
		66AB0A611D25C7AF004985E9 /* MenuItems.plist */ = {isa = PBXFileReference; fileEncoding = 4; lastKnownFileType = text.plist.xml; path = MenuItems.plist; sourceTree = "<group>"; };
		66AB0A631D25C7F4004985E9 /* FGMenuItemProvider.h */ = {isa = PBXFileReference; fileEncoding = 4; lastKnownFileType = sourcecode.c.h; path = FGMenuItemProvider.h; sourceTree = "<group>"; };
		66AB0A641D25C7F4004985E9 /* FGMenuItemProvider.m */ = {isa = PBXFileReference; fileEncoding = 4; lastKnownFileType = sourcecode.c.objc; path = FGMenuItemProvider.m; sourceTree = "<group>"; };
		66AB0A661D25D4D8004985E9 /* FGNewStudentTableViewController.h */ = {isa = PBXFileReference; fileEncoding = 4; lastKnownFileType = sourcecode.c.h; path = FGNewStudentTableViewController.h; sourceTree = "<group>"; };
		66AB0A671D25D4D8004985E9 /* FGNewStudentTableViewController.m */ = {isa = PBXFileReference; fileEncoding = 4; lastKnownFileType = sourcecode.c.objc; path = FGNewStudentTableViewController.m; sourceTree = "<group>"; };
		66AB0A691D25DEFC004985E9 /* FGAddRandomStudentTableViewCell.h */ = {isa = PBXFileReference; fileEncoding = 4; lastKnownFileType = sourcecode.c.h; path = FGAddRandomStudentTableViewCell.h; sourceTree = "<group>"; };
		66AB0A6A1D25DEFC004985E9 /* FGAddRandomStudentTableViewCell.m */ = {isa = PBXFileReference; fileEncoding = 4; lastKnownFileType = sourcecode.c.objc; path = FGAddRandomStudentTableViewCell.m; sourceTree = "<group>"; };
		66AB0A6D1D25DF1B004985E9 /* FGAvatarTableViewCell.h */ = {isa = PBXFileReference; fileEncoding = 4; lastKnownFileType = sourcecode.c.h; path = FGAvatarTableViewCell.h; sourceTree = "<group>"; };
		66AB0A6E1D25DF1B004985E9 /* FGAvatarTableViewCell.m */ = {isa = PBXFileReference; fileEncoding = 4; lastKnownFileType = sourcecode.c.objc; path = FGAvatarTableViewCell.m; sourceTree = "<group>"; };
		66AB0A701D25DF32004985E9 /* FGAddPhotoTableViewCell.h */ = {isa = PBXFileReference; fileEncoding = 4; lastKnownFileType = sourcecode.c.h; path = FGAddPhotoTableViewCell.h; sourceTree = "<group>"; };
		66AB0A711D25DF32004985E9 /* FGAddPhotoTableViewCell.m */ = {isa = PBXFileReference; fileEncoding = 4; lastKnownFileType = sourcecode.c.objc; path = FGAddPhotoTableViewCell.m; sourceTree = "<group>"; };
		66AB0A731D25DF6A004985E9 /* FGTextFieldTableViewCell.h */ = {isa = PBXFileReference; fileEncoding = 4; lastKnownFileType = sourcecode.c.h; path = FGTextFieldTableViewCell.h; sourceTree = "<group>"; };
		66AB0A741D25DF6A004985E9 /* FGTextFieldTableViewCell.m */ = {isa = PBXFileReference; fileEncoding = 4; lastKnownFileType = sourcecode.c.objc; path = FGTextFieldTableViewCell.m; sourceTree = "<group>"; };
		66AB0A761D25DFFB004985E9 /* FGTextField.h */ = {isa = PBXFileReference; fileEncoding = 4; lastKnownFileType = sourcecode.c.h; path = FGTextField.h; sourceTree = "<group>"; };
		66AB0A771D25DFFB004985E9 /* FGTextField.m */ = {isa = PBXFileReference; fileEncoding = 4; lastKnownFileType = sourcecode.c.objc; path = FGTextField.m; sourceTree = "<group>"; };
		66AB0A791D25E123004985E9 /* FGImageView.h */ = {isa = PBXFileReference; fileEncoding = 4; lastKnownFileType = sourcecode.c.h; path = FGImageView.h; sourceTree = "<group>"; };
		66AB0A7A1D25E123004985E9 /* FGImageView.m */ = {isa = PBXFileReference; fileEncoding = 4; lastKnownFileType = sourcecode.c.objc; path = FGImageView.m; sourceTree = "<group>"; };
		66AB0A7C1D25E1D1004985E9 /* FGView.h */ = {isa = PBXFileReference; fileEncoding = 4; lastKnownFileType = sourcecode.c.h; path = FGView.h; sourceTree = "<group>"; };
		66AB0A7D1D25E1D1004985E9 /* FGView.m */ = {isa = PBXFileReference; fileEncoding = 4; lastKnownFileType = sourcecode.c.objc; path = FGView.m; sourceTree = "<group>"; };
		66AB0A7F1D25E598004985E9 /* FGLoaderImageView.h */ = {isa = PBXFileReference; fileEncoding = 4; lastKnownFileType = sourcecode.c.h; path = FGLoaderImageView.h; sourceTree = "<group>"; };
		66AB0A801D25E598004985E9 /* FGLoaderImageView.m */ = {isa = PBXFileReference; fileEncoding = 4; lastKnownFileType = sourcecode.c.objc; path = FGLoaderImageView.m; sourceTree = "<group>"; };
		66AB0A821D25E5C4004985E9 /* FGAvatarImageView.h */ = {isa = PBXFileReference; fileEncoding = 4; lastKnownFileType = sourcecode.c.h; path = FGAvatarImageView.h; sourceTree = "<group>"; };
		66AB0A831D25E5C4004985E9 /* FGAvatarImageView.m */ = {isa = PBXFileReference; fileEncoding = 4; lastKnownFileType = sourcecode.c.objc; path = FGAvatarImageView.m; sourceTree = "<group>"; };
		66AB0A861D25EDD6004985E9 /* FGTransparentTableViewCell.h */ = {isa = PBXFileReference; fileEncoding = 4; lastKnownFileType = sourcecode.c.h; path = FGTransparentTableViewCell.h; sourceTree = "<group>"; };
		66AB0A871D25EDD6004985E9 /* FGTransparentTableViewCell.m */ = {isa = PBXFileReference; fileEncoding = 4; lastKnownFileType = sourcecode.c.objc; path = FGTransparentTableViewCell.m; sourceTree = "<group>"; };
		66AB0A891D25EF2B004985E9 /* FGFirstNameTextFieldTableViewCell.h */ = {isa = PBXFileReference; fileEncoding = 4; lastKnownFileType = sourcecode.c.h; path = FGFirstNameTextFieldTableViewCell.h; sourceTree = "<group>"; };
		66AB0A8A1D25EF2B004985E9 /* FGFirstNameTextFieldTableViewCell.m */ = {isa = PBXFileReference; fileEncoding = 4; lastKnownFileType = sourcecode.c.objc; path = FGFirstNameTextFieldTableViewCell.m; sourceTree = "<group>"; };
		66AB0A8C1D25EF34004985E9 /* FGLastNameTextFieldTableViewCell.h */ = {isa = PBXFileReference; fileEncoding = 4; lastKnownFileType = sourcecode.c.h; path = FGLastNameTextFieldTableViewCell.h; sourceTree = "<group>"; };
		66AB0A8D1D25EF34004985E9 /* FGLastNameTextFieldTableViewCell.m */ = {isa = PBXFileReference; fileEncoding = 4; lastKnownFileType = sourcecode.c.objc; path = FGLastNameTextFieldTableViewCell.m; sourceTree = "<group>"; };
		66AB0A8F1D25F4C1004985E9 /* FGScrollViewController.h */ = {isa = PBXFileReference; fileEncoding = 4; lastKnownFileType = sourcecode.c.h; path = FGScrollViewController.h; sourceTree = "<group>"; };
		66AB0A901D25F4C1004985E9 /* FGScrollViewController.m */ = {isa = PBXFileReference; fileEncoding = 4; lastKnownFileType = sourcecode.c.objc; path = FGScrollViewController.m; sourceTree = "<group>"; };
		66AB0A921D25F4DA004985E9 /* FGScrollView.h */ = {isa = PBXFileReference; fileEncoding = 4; lastKnownFileType = sourcecode.c.h; path = FGScrollView.h; sourceTree = "<group>"; };
		66AB0A931D25F4DA004985E9 /* FGScrollView.m */ = {isa = PBXFileReference; fileEncoding = 4; lastKnownFileType = sourcecode.c.objc; path = FGScrollView.m; sourceTree = "<group>"; };
		66AB0A951D25F60B004985E9 /* FGLabel.h */ = {isa = PBXFileReference; fileEncoding = 4; lastKnownFileType = sourcecode.c.h; path = FGLabel.h; sourceTree = "<group>"; };
		66AB0A961D25F60B004985E9 /* FGLabel.m */ = {isa = PBXFileReference; fileEncoding = 4; lastKnownFileType = sourcecode.c.objc; path = FGLabel.m; sourceTree = "<group>"; };
		66AB0A981D25FAEE004985E9 /* FGSeparatedTableViewCell.h */ = {isa = PBXFileReference; fileEncoding = 4; lastKnownFileType = sourcecode.c.h; path = FGSeparatedTableViewCell.h; sourceTree = "<group>"; };
		66AB0A991D25FAEE004985E9 /* FGSeparatedTableViewCell.m */ = {isa = PBXFileReference; fileEncoding = 4; lastKnownFileType = sourcecode.c.objc; path = FGSeparatedTableViewCell.m; sourceTree = "<group>"; };
		66AB0A9B1D260177004985E9 /* FGActivityIndicatorView.h */ = {isa = PBXFileReference; fileEncoding = 4; lastKnownFileType = sourcecode.c.h; path = FGActivityIndicatorView.h; sourceTree = "<group>"; };
		66AB0A9C1D260177004985E9 /* FGActivityIndicatorView.m */ = {isa = PBXFileReference; fileEncoding = 4; lastKnownFileType = sourcecode.c.objc; path = FGActivityIndicatorView.m; sourceTree = "<group>"; };
		66AB0A9E1D2601EA004985E9 /* FGButtonedTableViewCell.h */ = {isa = PBXFileReference; fileEncoding = 4; lastKnownFileType = sourcecode.c.h; path = FGButtonedTableViewCell.h; sourceTree = "<group>"; };
		66AB0A9F1D2601EA004985E9 /* FGButtonedTableViewCell.m */ = {isa = PBXFileReference; fileEncoding = 4; lastKnownFileType = sourcecode.c.objc; path = FGButtonedTableViewCell.m; sourceTree = "<group>"; };
		66AB0AA31D2603B8004985E9 /* FGImagePickerViewController.h */ = {isa = PBXFileReference; fileEncoding = 4; lastKnownFileType = sourcecode.c.h; path = FGImagePickerViewController.h; sourceTree = "<group>"; };
		66AB0AA41D2603B8004985E9 /* FGImagePickerViewController.m */ = {isa = PBXFileReference; fileEncoding = 4; lastKnownFileType = sourcecode.c.objc; path = FGImagePickerViewController.m; sourceTree = "<group>"; };
		66AB0AA61D277A43004985E9 /* FGAlertView.h */ = {isa = PBXFileReference; fileEncoding = 4; lastKnownFileType = sourcecode.c.h; path = FGAlertView.h; sourceTree = "<group>"; };
		66AB0AA71D277A43004985E9 /* FGAlertView.m */ = {isa = PBXFileReference; fileEncoding = 4; lastKnownFileType = sourcecode.c.objc; path = FGAlertView.m; sourceTree = "<group>"; };
		66AB0AA91D2781E3004985E9 /* FGButton.h */ = {isa = PBXFileReference; fileEncoding = 4; lastKnownFileType = sourcecode.c.h; path = FGButton.h; sourceTree = "<group>"; };
		66AB0AAA1D2781E3004985E9 /* FGButton.m */ = {isa = PBXFileReference; fileEncoding = 4; lastKnownFileType = sourcecode.c.objc; path = FGButton.m; sourceTree = "<group>"; };
		66AB0AAC1D278DAB004985E9 /* FGAvatarImageFileCreator.h */ = {isa = PBXFileReference; fileEncoding = 4; lastKnownFileType = sourcecode.c.h; path = FGAvatarImageFileCreator.h; sourceTree = "<group>"; };
		66AB0AAD1D278DAB004985E9 /* FGAvatarImageFileCreator.m */ = {isa = PBXFileReference; fileEncoding = 4; lastKnownFileType = sourcecode.c.objc; path = FGAvatarImageFileCreator.m; sourceTree = "<group>"; };
		66AB0AB11D278FE8004985E9 /* FGFirstNameTableViewCell.h */ = {isa = PBXFileReference; fileEncoding = 4; lastKnownFileType = sourcecode.c.h; path = FGFirstNameTableViewCell.h; sourceTree = "<group>"; };
		66AB0AB21D278FE8004985E9 /* FGFirstNameTableViewCell.m */ = {isa = PBXFileReference; fileEncoding = 4; lastKnownFileType = sourcecode.c.objc; path = FGFirstNameTableViewCell.m; sourceTree = "<group>"; };
		66AB0AB41D278FF9004985E9 /* FGLastNameTableViewCell.h */ = {isa = PBXFileReference; fileEncoding = 4; lastKnownFileType = sourcecode.c.h; path = FGLastNameTableViewCell.h; sourceTree = "<group>"; };
		66AB0AB51D278FF9004985E9 /* FGLastNameTableViewCell.m */ = {isa = PBXFileReference; fileEncoding = 4; lastKnownFileType = sourcecode.c.objc; path = FGLastNameTableViewCell.m; sourceTree = "<group>"; };
		66AB0AB81D279063004985E9 /* FGBaseStudentTableViewCell.h */ = {isa = PBXFileReference; fileEncoding = 4; lastKnownFileType = sourcecode.c.h; path = FGBaseStudentTableViewCell.h; sourceTree = "<group>"; };
		66AB0AB91D279063004985E9 /* FGBaseStudentTableViewCell.m */ = {isa = PBXFileReference; fileEncoding = 4; lastKnownFileType = sourcecode.c.objc; path = FGBaseStudentTableViewCell.m; sourceTree = "<group>"; };
		66AB0ABB1D279374004985E9 /* FGStudentAvatarTableViewCell.h */ = {isa = PBXFileReference; fileEncoding = 4; lastKnownFileType = sourcecode.c.h; path = FGStudentAvatarTableViewCell.h; sourceTree = "<group>"; };
		66AB0ABC1D279374004985E9 /* FGStudentAvatarTableViewCell.m */ = {isa = PBXFileReference; fileEncoding = 4; lastKnownFileType = sourcecode.c.objc; path = FGStudentAvatarTableViewCell.m; sourceTree = "<group>"; };
		66AB0ABE1D2850DF004985E9 /* FGStudentNameContainerTableViewCell.h */ = {isa = PBXFileReference; fileEncoding = 4; lastKnownFileType = sourcecode.c.h; path = FGStudentNameContainerTableViewCell.h; sourceTree = "<group>"; };
		66AB0ABF1D2850DF004985E9 /* FGStudentNameContainerTableViewCell.m */ = {isa = PBXFileReference; fileEncoding = 4; lastKnownFileType = sourcecode.c.objc; path = FGStudentNameContainerTableViewCell.m; sourceTree = "<group>"; };
		66AB0AC21D285245004985E9 /* FGBaseStudentTableViewController.h */ = {isa = PBXFileReference; fileEncoding = 4; lastKnownFileType = sourcecode.c.h; path = FGBaseStudentTableViewController.h; sourceTree = "<group>"; };
		66AB0AC31D285245004985E9 /* FGBaseStudentTableViewController.m */ = {isa = PBXFileReference; fileEncoding = 4; lastKnownFileType = sourcecode.c.objc; path = FGBaseStudentTableViewController.m; sourceTree = "<group>"; };
/* End PBXFileReference section */

/* Begin PBXFrameworksBuildPhase section */
		66AB098D1D24CD05004985E9 /* Frameworks */ = {
			isa = PBXFrameworksBuildPhase;
			buildActionMask = 2147483647;
			files = (
			);
			runOnlyForDeploymentPostprocessing = 0;
		};
		66AB09A91D24CD06004985E9 /* Frameworks */ = {
			isa = PBXFrameworksBuildPhase;
			buildActionMask = 2147483647;
			files = (
			);
			runOnlyForDeploymentPostprocessing = 0;
		};
		66AB09B41D24CD06004985E9 /* Frameworks */ = {
			isa = PBXFrameworksBuildPhase;
			buildActionMask = 2147483647;
			files = (
			);
			runOnlyForDeploymentPostprocessing = 0;
		};
/* End PBXFrameworksBuildPhase section */

/* Begin PBXGroup section */
		66AB09871D24CD05004985E9 = {
			isa = PBXGroup;
			children = (
				66AB09921D24CD06004985E9 /* students-demo */,
				66AB09AF1D24CD06004985E9 /* students-demoTests */,
				66AB09911D24CD05004985E9 /* Products */,
			);
			sourceTree = "<group>";
		};
		66AB09911D24CD05004985E9 /* Products */ = {
			isa = PBXGroup;
			children = (
				66AB09901D24CD05004985E9 /* students-demo.app */,
				66AB09AC1D24CD06004985E9 /* students-demoTests.xctest */,
				66AB09B71D24CD06004985E9 /* students-demoUITests.xctest */,
			);
			name = Products;
			sourceTree = "<group>";
		};
		66AB09921D24CD06004985E9 /* students-demo */ = {
			isa = PBXGroup;
			children = (
				66AB09F11D24DBB1004985E9 /* Network */,
				66AB09CC1D24CE96004985E9 /* Database */,
				66AB09C91D24CE6A004985E9 /* ViewControllers */,
				66AB09E01D24D839004985E9 /* Views */,
				66AB09D31D24D4D7004985E9 /* Utilities */,
				66AB09CB1D24CE80004985E9 /* Resources */,
				66AB09961D24CD06004985E9 /* FGAppDelegate.h */,
				66AB09971D24CD06004985E9 /* FGAppDelegate.m */,
				66AB09A41D24CD06004985E9 /* LaunchScreen.storyboard */,
				66AB09A71D24CD06004985E9 /* Info.plist */,
				66AB09931D24CD06004985E9 /* Supporting Files */,
			);
			path = "students-demo";
			sourceTree = "<group>";
		};
		66AB09931D24CD06004985E9 /* Supporting Files */ = {
			isa = PBXGroup;
			children = (
				66AB09941D24CD06004985E9 /* main.m */,
			);
			name = "Supporting Files";
			sourceTree = "<group>";
		};
		66AB09AF1D24CD06004985E9 /* students-demoTests */ = {
			isa = PBXGroup;
			children = (
				66AB09B01D24CD06004985E9 /* students_demoTests.m */,
				66AB09B21D24CD06004985E9 /* Info.plist */,
			);
			path = "students-demoTests";
			sourceTree = "<group>";
		};
		66AB09C91D24CE6A004985E9 /* ViewControllers */ = {
			isa = PBXGroup;
			children = (
				66AB09CA1D24CE71004985E9 /* Bases */,
				66AB0A541D25C1A5004985E9 /* MainMenu */,
				66AB09E91D24DAF9004985E9 /* MainList */,
				66AB0AC11D285224004985E9 /* Student */,
				66AB0A1C1D24F87C004985E9 /* FGRootViewController.h */,
				66AB0A1D1D24F87C004985E9 /* FGRootViewController.m */,
			);
			name = ViewControllers;
			sourceTree = "<group>";
		};
		66AB09CA1D24CE71004985E9 /* Bases */ = {
			isa = PBXGroup;
			children = (
				66AB09DA1D24D7D3004985E9 /* FGNavigationController.h */,
				66AB09DB1D24D7D3004985E9 /* FGNavigationController.m */,
				66AB09991D24CD06004985E9 /* FGViewController.h */,
				66AB099A1D24CD06004985E9 /* FGViewController.m */,
				66AB09D71D24D795004985E9 /* FGTableViewController.h */,
				66AB09D81D24D795004985E9 /* FGTableViewController.m */,
				66AB0A4A1D25B321004985E9 /* FGFetchedResultsTableViewController.h */,
				66AB0A4B1D25B321004985E9 /* FGFetchedResultsTableViewController.m */,
				66AB0A8F1D25F4C1004985E9 /* FGScrollViewController.h */,
				66AB0A901D25F4C1004985E9 /* FGScrollViewController.m */,
			);
			name = Bases;
			sourceTree = "<group>";
		};
		66AB09CB1D24CE80004985E9 /* Resources */ = {
			isa = PBXGroup;
			children = (
				66AB09A21D24CD06004985E9 /* Assets.xcassets */,
			);
			name = Resources;
			sourceTree = "<group>";
		};
		66AB09CC1D24CE96004985E9 /* Database */ = {
			isa = PBXGroup;
			children = (
				66AB0A041D24E7FE004985E9 /* Models */,
				66AB099F1D24CD06004985E9 /* students_demo.xcdatamodeld */,
				66AB09CD1D24CFEE004985E9 /* FGDatabaseManager.h */,
				66AB09CE1D24CFEE004985E9 /* FGDatabaseManager.m */,
			);
			name = Database;
			sourceTree = "<group>";
		};
		66AB09D31D24D4D7004985E9 /* Utilities */ = {
			isa = PBXGroup;
			children = (
				66AB09E41D24D9BD004985E9 /* Extensions */,
				66AB0A441D25A88F004985E9 /* FGLocalPaths.h */,
				66AB0A451D25A88F004985E9 /* FGLocalPaths.m */,
				66AB09FB1D24E198004985E9 /* FGJSONConverter.h */,
				66AB09FC1D24E198004985E9 /* FGJSONConverter.m */,
				66AB09FE1D24E48A004985E9 /* FGAnalytics.h */,
				66AB09FF1D24E48A004985E9 /* FGAnalytics.m */,
				66AB0A011D24E506004985E9 /* FGCrashReporter.h */,
				66AB0A021D24E506004985E9 /* FGCrashReporter.m */,
				66AB0A121D24E90E004985E9 /* FGLogger.h */,
				66AB0A131D24E90E004985E9 /* FGLogger.m */,
				66AB0A1F1D24FAAC004985E9 /* FGLocalization.h */,
				66AB0A201D24FAAC004985E9 /* FGLocalization.m */,
				66AB0A411D25A705004985E9 /* FGImageCache.h */,
				66AB0A421D25A705004985E9 /* FGImageCache.m */,
				66AB0A471D25B002004985E9 /* FGImageLoader.h */,
				66AB0A481D25B002004985E9 /* FGImageLoader.m */,
			);
			name = Utilities;
			sourceTree = "<group>";
		};
		66AB09E01D24D839004985E9 /* Views */ = {
			isa = PBXGroup;
			children = (
				66AB09ED1D24DB26004985E9 /* TableViews & Cells */,
				66AB0A761D25DFFB004985E9 /* FGTextField.h */,
				66AB0A771D25DFFB004985E9 /* FGTextField.m */,
				66AB0A791D25E123004985E9 /* FGImageView.h */,
				66AB0A7A1D25E123004985E9 /* FGImageView.m */,
				66AB0A7C1D25E1D1004985E9 /* FGView.h */,
				66AB0A7D1D25E1D1004985E9 /* FGView.m */,
				66AB0A7F1D25E598004985E9 /* FGLoaderImageView.h */,
				66AB0A801D25E598004985E9 /* FGLoaderImageView.m */,
				66AB0A921D25F4DA004985E9 /* FGScrollView.h */,
				66AB0A931D25F4DA004985E9 /* FGScrollView.m */,
				66AB0A951D25F60B004985E9 /* FGLabel.h */,
				66AB0A961D25F60B004985E9 /* FGLabel.m */,
				66AB0A9B1D260177004985E9 /* FGActivityIndicatorView.h */,
				66AB0A9C1D260177004985E9 /* FGActivityIndicatorView.m */,
				66AB0AA61D277A43004985E9 /* FGAlertView.h */,
				66AB0AA71D277A43004985E9 /* FGAlertView.m */,
				66AB0AA91D2781E3004985E9 /* FGButton.h */,
				66AB0AAA1D2781E3004985E9 /* FGButton.m */,
			);
			name = Views;
			sourceTree = "<group>";
		};
		66AB09E41D24D9BD004985E9 /* Extensions */ = {
			isa = PBXGroup;
			children = (
				66AB09E11D24D966004985E9 /* UIColor+CustomColors.h */,
				66AB09E21D24D966004985E9 /* UIColor+CustomColors.m */,
			);
			name = Extensions;
			sourceTree = "<group>";
		};
		66AB09E81D24DAF2004985E9 /* NewStudent */ = {
			isa = PBXGroup;
			children = (
				66AB0A851D25E5CA004985E9 /* View */,
				66AB0A6C1D25DF07004985E9 /* Cells */,
				66AB0A661D25D4D8004985E9 /* FGNewStudentTableViewController.h */,
				66AB0A671D25D4D8004985E9 /* FGNewStudentTableViewController.m */,
				66AB0AA31D2603B8004985E9 /* FGImagePickerViewController.h */,
				66AB0AA41D2603B8004985E9 /* FGImagePickerViewController.m */,
			);
			name = NewStudent;
			sourceTree = "<group>";
		};
		66AB09E91D24DAF9004985E9 /* MainList */ = {
			isa = PBXGroup;
			children = (
				66AB0A501D25BA03004985E9 /* Cells */,
				66AB09D41D24D783004985E9 /* FGStudentListTableViewController.h */,
				66AB09D51D24D783004985E9 /* FGStudentListTableViewController.m */,
			);
			name = MainList;
			sourceTree = "<group>";
		};
		66AB09ED1D24DB26004985E9 /* TableViews & Cells */ = {
			isa = PBXGroup;
			children = (
				66AB09DD1D24D835004985E9 /* FGTableView.h */,
				66AB09DE1D24D835004985E9 /* FGTableView.m */,
				66AB09EA1D24DB1B004985E9 /* FGTableViewCell.h */,
				66AB09EB1D24DB1B004985E9 /* FGTableViewCell.m */,
				66AB0A981D25FAEE004985E9 /* FGSeparatedTableViewCell.h */,
				66AB0A991D25FAEE004985E9 /* FGSeparatedTableViewCell.m */,
				66AB0A861D25EDD6004985E9 /* FGTransparentTableViewCell.h */,
				66AB0A871D25EDD6004985E9 /* FGTransparentTableViewCell.m */,
			);
			name = "TableViews & Cells";
			sourceTree = "<group>";
		};
		66AB09F11D24DBB1004985E9 /* Network */ = {
			isa = PBXGroup;
			children = (
				66AB09F21D24DC2D004985E9 /* FGSessionProvider.h */,
				66AB09F31D24DC2D004985E9 /* FGSessionProvider.m */,
				66AB09F51D24DE01004985E9 /* FGRemoteDataFetcher.h */,
				66AB09F61D24DE01004985E9 /* FGRemoteDataFetcher.m */,
				66AB0A3D1D25A554004985E9 /* ObjectFetchers */,
			);
			name = Network;
			sourceTree = "<group>";
		};
		66AB0A041D24E7FE004985E9 /* Models */ = {
			isa = PBXGroup;
			children = (
				66AB0A111D24E81F004985E9 /* Generated by mogenerator */,
				66AB0A2E1D259D03004985E9 /* FGAvatarImageFile.h */,
				66AB0A2F1D259D03004985E9 /* FGAvatarImageFile.m */,
				66AB0A301D259D03004985E9 /* FGFile.h */,
				66AB0A311D259D03004985E9 /* FGFile.m */,
				66AB0A321D259D03004985E9 /* FGImageFile.h */,
				66AB0A331D259D03004985E9 /* FGImageFile.m */,
				66AB0A341D259D03004985E9 /* FGStudent.h */,
				66AB0A351D259D03004985E9 /* FGStudent.m */,
			);
			name = Models;
			sourceTree = "<group>";
		};
		66AB0A111D24E81F004985E9 /* Generated by mogenerator */ = {
			isa = PBXGroup;
			children = (
				66AB0A221D259C96004985E9 /* _FGAvatarImageFile.h */,
				66AB0A231D259C96004985E9 /* _FGAvatarImageFile.m */,
				66AB0A241D259C96004985E9 /* _FGFile.h */,
				66AB0A251D259C96004985E9 /* _FGFile.m */,
				66AB0A261D259C96004985E9 /* _FGImageFile.h */,
				66AB0A271D259C96004985E9 /* _FGImageFile.m */,
				66AB0A281D259C96004985E9 /* _FGStudent.h */,
				66AB0A291D259C96004985E9 /* _FGStudent.m */,
			);
			name = "Generated by mogenerator";
			sourceTree = "<group>";
		};
		66AB0A1B1D24F768004985E9 /* StudentFetcher */ = {
			isa = PBXGroup;
			children = (
				66AB09F81D24DE95004985E9 /* FGStudentFetcher.h */,
				66AB09F91D24DE95004985E9 /* FGStudentFetcher.m */,
				66AB0A151D24EDC5004985E9 /* FGStudentAPIKeys.h */,
				66AB0A161D24EDC5004985E9 /* FGStudentAPIKeys.m */,
			);
			name = StudentFetcher;
			sourceTree = "<group>";
		};
		66AB0A3D1D25A554004985E9 /* ObjectFetchers */ = {
			isa = PBXGroup;
			children = (
				66AB0A1B1D24F768004985E9 /* StudentFetcher */,
				66AB0A3A1D25A551004985E9 /* FGJSONObjectFetcher.h */,
				66AB0A3B1D25A551004985E9 /* FGJSONObjectFetcher.m */,
				66AB0A3E1D25A56A004985E9 /* FGImageFetcher.h */,
				66AB0A3F1D25A56A004985E9 /* FGImageFetcher.m */,
			);
			name = ObjectFetchers;
			sourceTree = "<group>";
		};
		66AB0A501D25BA03004985E9 /* Cells */ = {
			isa = PBXGroup;
			children = (
				66AB0A4D1D25B9FF004985E9 /* FGStudentTableViewCell.h */,
				66AB0A4E1D25B9FF004985E9 /* FGStudentTableViewCell.m */,
			);
			name = Cells;
			sourceTree = "<group>";
		};
		66AB0A541D25C1A5004985E9 /* MainMenu */ = {
			isa = PBXGroup;
			children = (
				66AB0A601D25C503004985E9 /* MenuItems */,
				66AB0A5C1D25C3D6004985E9 /* Cells */,
				66AB0A581D25C3B5004985E9 /* DataSource */,
				66AB0A511D25C1A1004985E9 /* FGMainMenuTableViewController.h */,
				66AB0A521D25C1A1004985E9 /* FGMainMenuTableViewController.m */,
			);
			name = MainMenu;
			sourceTree = "<group>";
		};
		66AB0A581D25C3B5004985E9 /* DataSource */ = {
			isa = PBXGroup;
			children = (
				66AB0A551D25C38A004985E9 /* FGMainMenuTableViewDataSource.h */,
				66AB0A561D25C38A004985E9 /* FGMainMenuTableViewDataSource.m */,
				66AB0A611D25C7AF004985E9 /* MenuItems.plist */,
				66AB0A631D25C7F4004985E9 /* FGMenuItemProvider.h */,
				66AB0A641D25C7F4004985E9 /* FGMenuItemProvider.m */,
			);
			name = DataSource;
			sourceTree = "<group>";
		};
		66AB0A5C1D25C3D6004985E9 /* Cells */ = {
			isa = PBXGroup;
			children = (
				66AB0A591D25C3D1004985E9 /* FGMainMenuTableViewCell.h */,
				66AB0A5A1D25C3D1004985E9 /* FGMainMenuTableViewCell.m */,
			);
			name = Cells;
			sourceTree = "<group>";
		};
		66AB0A601D25C503004985E9 /* MenuItems */ = {
			isa = PBXGroup;
			children = (
				66AB0A5D1D25C4FC004985E9 /* FGMenuItem.h */,
				66AB0A5E1D25C4FC004985E9 /* FGMenuItem.m */,
			);
			name = MenuItems;
			sourceTree = "<group>";
		};
		66AB0A6C1D25DF07004985E9 /* Cells */ = {
			isa = PBXGroup;
			children = (
				66AB0AAF1D278E9E004985E9 /* Helpers */,
				66AB0AA21D260206004985E9 /* TextFields */,
				66AB0AA11D2601F4004985E9 /* ButtonStyled */,
				66AB0A6D1D25DF1B004985E9 /* FGAvatarTableViewCell.h */,
				66AB0A6E1D25DF1B004985E9 /* FGAvatarTableViewCell.m */,
			);
			name = Cells;
			sourceTree = "<group>";
		};
		66AB0A851D25E5CA004985E9 /* View */ = {
			isa = PBXGroup;
			children = (
				66AB0A821D25E5C4004985E9 /* FGAvatarImageView.h */,
				66AB0A831D25E5C4004985E9 /* FGAvatarImageView.m */,
			);
			name = View;
			sourceTree = "<group>";
		};
		66AB0AA11D2601F4004985E9 /* ButtonStyled */ = {
			isa = PBXGroup;
			children = (
				66AB0A9E1D2601EA004985E9 /* FGButtonedTableViewCell.h */,
				66AB0A9F1D2601EA004985E9 /* FGButtonedTableViewCell.m */,
				66AB0A691D25DEFC004985E9 /* FGAddRandomStudentTableViewCell.h */,
				66AB0A6A1D25DEFC004985E9 /* FGAddRandomStudentTableViewCell.m */,
				66AB0A701D25DF32004985E9 /* FGAddPhotoTableViewCell.h */,
				66AB0A711D25DF32004985E9 /* FGAddPhotoTableViewCell.m */,
			);
			name = ButtonStyled;
			sourceTree = "<group>";
		};
		66AB0AA21D260206004985E9 /* TextFields */ = {
			isa = PBXGroup;
			children = (
				66AB0A731D25DF6A004985E9 /* FGTextFieldTableViewCell.h */,
				66AB0A741D25DF6A004985E9 /* FGTextFieldTableViewCell.m */,
				66AB0A891D25EF2B004985E9 /* FGFirstNameTextFieldTableViewCell.h */,
				66AB0A8A1D25EF2B004985E9 /* FGFirstNameTextFieldTableViewCell.m */,
				66AB0A8C1D25EF34004985E9 /* FGLastNameTextFieldTableViewCell.h */,
				66AB0A8D1D25EF34004985E9 /* FGLastNameTextFieldTableViewCell.m */,
			);
			name = TextFields;
			sourceTree = "<group>";
		};
		66AB0AAF1D278E9E004985E9 /* Helpers */ = {
			isa = PBXGroup;
			children = (
				66AB0AAC1D278DAB004985E9 /* FGAvatarImageFileCreator.h */,
				66AB0AAD1D278DAB004985E9 /* FGAvatarImageFileCreator.m */,
			);
			name = Helpers;
			sourceTree = "<group>";
		};
		66AB0AB01D278FB3004985E9 /* StudentDetail */ = {
			isa = PBXGroup;
			children = (
				66AB0AB71D278FFD004985E9 /* Cells */,
				66AB09E51D24DAEA004985E9 /* FGStudentDetailTableViewController.h */,
				66AB09E61D24DAEA004985E9 /* FGStudentDetailTableViewController.m */,
			);
			name = StudentDetail;
			sourceTree = "<group>";
		};
		66AB0AB71D278FFD004985E9 /* Cells */ = {
			isa = PBXGroup;
			children = (
				66AB0AB81D279063004985E9 /* FGBaseStudentTableViewCell.h */,
				66AB0AB91D279063004985E9 /* FGBaseStudentTableViewCell.m */,
				66AB0ABE1D2850DF004985E9 /* FGStudentNameContainerTableViewCell.h */,
				66AB0ABF1D2850DF004985E9 /* FGStudentNameContainerTableViewCell.m */,
				66AB0AB11D278FE8004985E9 /* FGFirstNameTableViewCell.h */,
				66AB0AB21D278FE8004985E9 /* FGFirstNameTableViewCell.m */,
				66AB0AB41D278FF9004985E9 /* FGLastNameTableViewCell.h */,
				66AB0AB51D278FF9004985E9 /* FGLastNameTableViewCell.m */,
				66AB0ABB1D279374004985E9 /* FGStudentAvatarTableViewCell.h */,
				66AB0ABC1D279374004985E9 /* FGStudentAvatarTableViewCell.m */,
			);
			name = Cells;
			sourceTree = "<group>";
		};
		66AB0AC11D285224004985E9 /* Student */ = {
			isa = PBXGroup;
			children = (
				66AB0AB01D278FB3004985E9 /* StudentDetail */,
				66AB09E81D24DAF2004985E9 /* NewStudent */,
				66AB0AC21D285245004985E9 /* FGBaseStudentTableViewController.h */,
				66AB0AC31D285245004985E9 /* FGBaseStudentTableViewController.m */,
			);
			name = Student;
			sourceTree = "<group>";
		};
/* End PBXGroup section */

/* Begin PBXNativeTarget section */
		66AB098F1D24CD05004985E9 /* students-demo */ = {
			isa = PBXNativeTarget;
			buildConfigurationList = 66AB09C01D24CD06004985E9 /* Build configuration list for PBXNativeTarget "students-demo" */;
			buildPhases = (
				66AB098C1D24CD05004985E9 /* Sources */,
				66AB098D1D24CD05004985E9 /* Frameworks */,
				66AB098E1D24CD05004985E9 /* Resources */,
			);
			buildRules = (
			);
			dependencies = (
			);
			name = "students-demo";
			productName = "students-demo";
			productReference = 66AB09901D24CD05004985E9 /* students-demo.app */;
			productType = "com.apple.product-type.application";
		};
		66AB09AB1D24CD06004985E9 /* students-demoTests */ = {
			isa = PBXNativeTarget;
			buildConfigurationList = 66AB09C31D24CD06004985E9 /* Build configuration list for PBXNativeTarget "students-demoTests" */;
			buildPhases = (
				66AB09A81D24CD06004985E9 /* Sources */,
				66AB09A91D24CD06004985E9 /* Frameworks */,
				66AB09AA1D24CD06004985E9 /* Resources */,
			);
			buildRules = (
			);
			dependencies = (
				66AB09AE1D24CD06004985E9 /* PBXTargetDependency */,
			);
			name = "students-demoTests";
			productName = "students-demoTests";
			productReference = 66AB09AC1D24CD06004985E9 /* students-demoTests.xctest */;
			productType = "com.apple.product-type.bundle.unit-test";
		};
		66AB09B61D24CD06004985E9 /* students-demoUITests */ = {
			isa = PBXNativeTarget;
			buildConfigurationList = 66AB09C61D24CD06004985E9 /* Build configuration list for PBXNativeTarget "students-demoUITests" */;
			buildPhases = (
				66AB09B31D24CD06004985E9 /* Sources */,
				66AB09B41D24CD06004985E9 /* Frameworks */,
				66AB09B51D24CD06004985E9 /* Resources */,
			);
			buildRules = (
			);
			dependencies = (
				66AB09B91D24CD06004985E9 /* PBXTargetDependency */,
			);
			name = "students-demoUITests";
			productName = "students-demoUITests";
			productReference = 66AB09B71D24CD06004985E9 /* students-demoUITests.xctest */;
			productType = "com.apple.product-type.bundle.ui-testing";
		};
/* End PBXNativeTarget section */

/* Begin PBXProject section */
		66AB09881D24CD05004985E9 /* Project object */ = {
			isa = PBXProject;
			attributes = {
				CLASSPREFIX = FG;
				LastUpgradeCheck = 0730;
				ORGANIZATIONNAME = "Adam Szabo";
				TargetAttributes = {
					66AB098F1D24CD05004985E9 = {
						CreatedOnToolsVersion = 7.3.1;
					};
					66AB09AB1D24CD06004985E9 = {
						CreatedOnToolsVersion = 7.3.1;
						TestTargetID = 66AB098F1D24CD05004985E9;
					};
					66AB09B61D24CD06004985E9 = {
						CreatedOnToolsVersion = 7.3.1;
						TestTargetID = 66AB098F1D24CD05004985E9;
					};
				};
			};
			buildConfigurationList = 66AB098B1D24CD05004985E9 /* Build configuration list for PBXProject "students-demo" */;
			compatibilityVersion = "Xcode 3.2";
			developmentRegion = English;
			hasScannedForEncodings = 0;
			knownRegions = (
				en,
				Base,
			);
			mainGroup = 66AB09871D24CD05004985E9;
			productRefGroup = 66AB09911D24CD05004985E9 /* Products */;
			projectDirPath = "";
			projectRoot = "";
			targets = (
				66AB098F1D24CD05004985E9 /* students-demo */,
				66AB09AB1D24CD06004985E9 /* students-demoTests */,
				66AB09B61D24CD06004985E9 /* students-demoUITests */,
			);
		};
/* End PBXProject section */

/* Begin PBXResourcesBuildPhase section */
		66AB098E1D24CD05004985E9 /* Resources */ = {
			isa = PBXResourcesBuildPhase;
			buildActionMask = 2147483647;
			files = (
				66AB09A61D24CD06004985E9 /* LaunchScreen.storyboard in Resources */,
				66AB09A31D24CD06004985E9 /* Assets.xcassets in Resources */,
				66AB0A621D25C7AF004985E9 /* MenuItems.plist in Resources */,
			);
			runOnlyForDeploymentPostprocessing = 0;
		};
		66AB09AA1D24CD06004985E9 /* Resources */ = {
			isa = PBXResourcesBuildPhase;
			buildActionMask = 2147483647;
			files = (
			);
			runOnlyForDeploymentPostprocessing = 0;
		};
		66AB09B51D24CD06004985E9 /* Resources */ = {
			isa = PBXResourcesBuildPhase;
			buildActionMask = 2147483647;
			files = (
			);
			runOnlyForDeploymentPostprocessing = 0;
		};
/* End PBXResourcesBuildPhase section */

/* Begin PBXSourcesBuildPhase section */
		66AB098C1D24CD05004985E9 /* Sources */ = {
			isa = PBXSourcesBuildPhase;
			buildActionMask = 2147483647;
			files = (
				66AB0A2D1D259C96004985E9 /* _FGStudent.m in Sources */,
				66AB0A681D25D4D8004985E9 /* FGNewStudentTableViewController.m in Sources */,
				66AB09CF1D24CFEE004985E9 /* FGDatabaseManager.m in Sources */,
				66AB0A1E1D24F87C004985E9 /* FGRootViewController.m in Sources */,
				66AB09DC1D24D7D3004985E9 /* FGNavigationController.m in Sources */,
				66AB0A7B1D25E123004985E9 /* FGImageView.m in Sources */,
				66AB0A571D25C38A004985E9 /* FGMainMenuTableViewDataSource.m in Sources */,
				66AB0AC01D2850DF004985E9 /* FGStudentNameContainerTableViewCell.m in Sources */,
				66AB09FA1D24DE95004985E9 /* FGStudentFetcher.m in Sources */,
				66AB0A361D259D03004985E9 /* FGAvatarImageFile.m in Sources */,
				66AB0A001D24E48A004985E9 /* FGAnalytics.m in Sources */,
				66AB09D61D24D783004985E9 /* FGStudentListTableViewController.m in Sources */,
				66AB0A4F1D25B9FF004985E9 /* FGStudentTableViewCell.m in Sources */,
				66AB0A6F1D25DF1B004985E9 /* FGAvatarTableViewCell.m in Sources */,
				66AB09A11D24CD06004985E9 /* students_demo.xcdatamodeld in Sources */,
				66AB0A9A1D25FAEE004985E9 /* FGSeparatedTableViewCell.m in Sources */,
				66AB0A381D259D03004985E9 /* FGImageFile.m in Sources */,
				66AB0A781D25DFFB004985E9 /* FGTextField.m in Sources */,
				66AB0A8B1D25EF2B004985E9 /* FGFirstNameTextFieldTableViewCell.m in Sources */,
				66AB09EC1D24DB1B004985E9 /* FGTableViewCell.m in Sources */,
				66AB0A811D25E598004985E9 /* FGLoaderImageView.m in Sources */,
				66AB0A881D25EDD6004985E9 /* FGTransparentTableViewCell.m in Sources */,
				66AB0A5F1D25C4FC004985E9 /* FGMenuItem.m in Sources */,
				66AB0A971D25F60B004985E9 /* FGLabel.m in Sources */,
				66AB0A8E1D25EF34004985E9 /* FGLastNameTextFieldTableViewCell.m in Sources */,
				66AB09F41D24DC2D004985E9 /* FGSessionProvider.m in Sources */,
				66AB0AAE1D278DAB004985E9 /* FGAvatarImageFileCreator.m in Sources */,
				66AB0AA81D277A43004985E9 /* FGAlertView.m in Sources */,
				66AB0A721D25DF32004985E9 /* FGAddPhotoTableViewCell.m in Sources */,
				66AB0A651D25C7F4004985E9 /* FGMenuItemProvider.m in Sources */,
				66AB0ABD1D279374004985E9 /* FGStudentAvatarTableViewCell.m in Sources */,
				66AB0AA51D2603B8004985E9 /* FGImagePickerViewController.m in Sources */,
				66AB0A531D25C1A1004985E9 /* FGMainMenuTableViewController.m in Sources */,
				66AB0A371D259D03004985E9 /* FGFile.m in Sources */,
				66AB0A941D25F4DA004985E9 /* FGScrollView.m in Sources */,
				66AB0A841D25E5C4004985E9 /* FGAvatarImageView.m in Sources */,
				66AB0AB61D278FF9004985E9 /* FGLastNameTableViewCell.m in Sources */,
				66AB0A401D25A56A004985E9 /* FGImageFetcher.m in Sources */,
				66AB0A141D24E90E004985E9 /* FGLogger.m in Sources */,
				66AB0A911D25F4C1004985E9 /* FGScrollViewController.m in Sources */,
				66AB0A3C1D25A551004985E9 /* FGJSONObjectFetcher.m in Sources */,
				66AB09E71D24DAEA004985E9 /* FGStudentDetailTableViewController.m in Sources */,
				66AB0A2C1D259C96004985E9 /* _FGImageFile.m in Sources */,
				66AB0A751D25DF6A004985E9 /* FGTextFieldTableViewCell.m in Sources */,
				66AB0AC41D285245004985E9 /* FGBaseStudentTableViewController.m in Sources */,
				66AB0A7E1D25E1D1004985E9 /* FGView.m in Sources */,
				66AB0AA01D2601EA004985E9 /* FGButtonedTableViewCell.m in Sources */,
				66AB0A461D25A88F004985E9 /* FGLocalPaths.m in Sources */,
				66AB0A031D24E506004985E9 /* FGCrashReporter.m in Sources */,
				66AB0A211D24FAAC004985E9 /* FGLocalization.m in Sources */,
				66AB0A9D1D260177004985E9 /* FGActivityIndicatorView.m in Sources */,
				66AB0AAB1D2781E3004985E9 /* FGButton.m in Sources */,
				66AB0A4C1D25B321004985E9 /* FGFetchedResultsTableViewController.m in Sources */,
				66AB09E31D24D966004985E9 /* UIColor+CustomColors.m in Sources */,
				66AB099B1D24CD06004985E9 /* FGViewController.m in Sources */,
				66AB09DF1D24D835004985E9 /* FGTableView.m in Sources */,
				66AB09981D24CD06004985E9 /* FGAppDelegate.m in Sources */,
				66AB09D91D24D795004985E9 /* FGTableViewController.m in Sources */,
				66AB0A2B1D259C96004985E9 /* _FGFile.m in Sources */,
				66AB09FD1D24E198004985E9 /* FGJSONConverter.m in Sources */,
				66AB0A6B1D25DEFC004985E9 /* FGAddRandomStudentTableViewCell.m in Sources */,
				66AB09F71D24DE01004985E9 /* FGRemoteDataFetcher.m in Sources */,
				66AB0ABA1D279063004985E9 /* FGBaseStudentTableViewCell.m in Sources */,
				66AB0A491D25B002004985E9 /* FGImageLoader.m in Sources */,
				66AB0A2A1D259C96004985E9 /* _FGAvatarImageFile.m in Sources */,
				66AB0A171D24EDC5004985E9 /* FGStudentAPIKeys.m in Sources */,
				66AB0A391D259D03004985E9 /* FGStudent.m in Sources */,
				66AB0AB31D278FE8004985E9 /* FGFirstNameTableViewCell.m in Sources */,
				66AB09951D24CD06004985E9 /* main.m in Sources */,
				66AB0A5B1D25C3D1004985E9 /* FGMainMenuTableViewCell.m in Sources */,
				66AB0A431D25A705004985E9 /* FGImageCache.m in Sources */,
			);
			runOnlyForDeploymentPostprocessing = 0;
		};
		66AB09A81D24CD06004985E9 /* Sources */ = {
			isa = PBXSourcesBuildPhase;
			buildActionMask = 2147483647;
			files = (
				66AB09B11D24CD06004985E9 /* students_demoTests.m in Sources */,
			);
			runOnlyForDeploymentPostprocessing = 0;
		};
		66AB09B31D24CD06004985E9 /* Sources */ = {
			isa = PBXSourcesBuildPhase;
			buildActionMask = 2147483647;
			files = (
			);
			runOnlyForDeploymentPostprocessing = 0;
		};
/* End PBXSourcesBuildPhase section */

/* Begin PBXTargetDependency section */
		66AB09AE1D24CD06004985E9 /* PBXTargetDependency */ = {
			isa = PBXTargetDependency;
			target = 66AB098F1D24CD05004985E9 /* students-demo */;
			targetProxy = 66AB09AD1D24CD06004985E9 /* PBXContainerItemProxy */;
		};
		66AB09B91D24CD06004985E9 /* PBXTargetDependency */ = {
			isa = PBXTargetDependency;
			target = 66AB098F1D24CD05004985E9 /* students-demo */;
			targetProxy = 66AB09B81D24CD06004985E9 /* PBXContainerItemProxy */;
		};
/* End PBXTargetDependency section */

/* Begin PBXVariantGroup section */
		66AB09A41D24CD06004985E9 /* LaunchScreen.storyboard */ = {
			isa = PBXVariantGroup;
			children = (
				66AB09A51D24CD06004985E9 /* Base */,
			);
			name = LaunchScreen.storyboard;
			sourceTree = "<group>";
		};
/* End PBXVariantGroup section */

/* Begin XCBuildConfiguration section */
		66AB09BE1D24CD06004985E9 /* Debug */ = {
			isa = XCBuildConfiguration;
			buildSettings = {
				ALWAYS_SEARCH_USER_PATHS = NO;
				CLANG_ANALYZER_NONNULL = YES;
				CLANG_CXX_LANGUAGE_STANDARD = "gnu++0x";
				CLANG_CXX_LIBRARY = "libc++";
				CLANG_ENABLE_MODULES = YES;
				CLANG_ENABLE_OBJC_ARC = YES;
				CLANG_WARN_BOOL_CONVERSION = YES;
				CLANG_WARN_CONSTANT_CONVERSION = YES;
				CLANG_WARN_DIRECT_OBJC_ISA_USAGE = YES_ERROR;
				CLANG_WARN_EMPTY_BODY = YES;
				CLANG_WARN_ENUM_CONVERSION = YES;
				CLANG_WARN_INT_CONVERSION = YES;
				CLANG_WARN_OBJC_ROOT_CLASS = YES_ERROR;
				CLANG_WARN_UNREACHABLE_CODE = YES;
				CLANG_WARN__DUPLICATE_METHOD_MATCH = YES;
				"CODE_SIGN_IDENTITY[sdk=iphoneos*]" = "iPhone Developer";
				COPY_PHASE_STRIP = NO;
				DEBUG_INFORMATION_FORMAT = dwarf;
				ENABLE_STRICT_OBJC_MSGSEND = YES;
				ENABLE_TESTABILITY = YES;
				GCC_C_LANGUAGE_STANDARD = gnu99;
				GCC_DYNAMIC_NO_PIC = NO;
				GCC_NO_COMMON_BLOCKS = YES;
				GCC_OPTIMIZATION_LEVEL = 0;
				GCC_PREPROCESSOR_DEFINITIONS = (
					"DEBUG=1",
					"$(inherited)",
				);
				GCC_WARN_64_TO_32_BIT_CONVERSION = YES;
				GCC_WARN_ABOUT_RETURN_TYPE = YES_ERROR;
				GCC_WARN_UNDECLARED_SELECTOR = YES;
				GCC_WARN_UNINITIALIZED_AUTOS = YES_AGGRESSIVE;
				GCC_WARN_UNUSED_FUNCTION = YES;
				GCC_WARN_UNUSED_VARIABLE = YES;
				IPHONEOS_DEPLOYMENT_TARGET = 7.0;
				MTL_ENABLE_DEBUG_INFO = YES;
				ONLY_ACTIVE_ARCH = YES;
				SDKROOT = iphoneos;
				TARGETED_DEVICE_FAMILY = "1,2";
			};
			name = Debug;
		};
		66AB09BF1D24CD06004985E9 /* Release */ = {
			isa = XCBuildConfiguration;
			buildSettings = {
				ALWAYS_SEARCH_USER_PATHS = NO;
				CLANG_ANALYZER_NONNULL = YES;
				CLANG_CXX_LANGUAGE_STANDARD = "gnu++0x";
				CLANG_CXX_LIBRARY = "libc++";
				CLANG_ENABLE_MODULES = YES;
				CLANG_ENABLE_OBJC_ARC = YES;
				CLANG_WARN_BOOL_CONVERSION = YES;
				CLANG_WARN_CONSTANT_CONVERSION = YES;
				CLANG_WARN_DIRECT_OBJC_ISA_USAGE = YES_ERROR;
				CLANG_WARN_EMPTY_BODY = YES;
				CLANG_WARN_ENUM_CONVERSION = YES;
				CLANG_WARN_INT_CONVERSION = YES;
				CLANG_WARN_OBJC_ROOT_CLASS = YES_ERROR;
				CLANG_WARN_UNREACHABLE_CODE = YES;
				CLANG_WARN__DUPLICATE_METHOD_MATCH = YES;
				"CODE_SIGN_IDENTITY[sdk=iphoneos*]" = "iPhone Developer";
				COPY_PHASE_STRIP = NO;
				DEBUG_INFORMATION_FORMAT = "dwarf-with-dsym";
				ENABLE_NS_ASSERTIONS = NO;
				ENABLE_STRICT_OBJC_MSGSEND = YES;
				GCC_C_LANGUAGE_STANDARD = gnu99;
				GCC_NO_COMMON_BLOCKS = YES;
				GCC_WARN_64_TO_32_BIT_CONVERSION = YES;
				GCC_WARN_ABOUT_RETURN_TYPE = YES_ERROR;
				GCC_WARN_UNDECLARED_SELECTOR = YES;
				GCC_WARN_UNINITIALIZED_AUTOS = YES_AGGRESSIVE;
				GCC_WARN_UNUSED_FUNCTION = YES;
				GCC_WARN_UNUSED_VARIABLE = YES;
				IPHONEOS_DEPLOYMENT_TARGET = 7.0;
				MTL_ENABLE_DEBUG_INFO = NO;
				SDKROOT = iphoneos;
				TARGETED_DEVICE_FAMILY = "1,2";
				VALIDATE_PRODUCT = YES;
			};
			name = Release;
		};
		66AB09C11D24CD06004985E9 /* Debug */ = {
			isa = XCBuildConfiguration;
			buildSettings = {
				ASSETCATALOG_COMPILER_APPICON_NAME = AppIcon;
				INFOPLIST_FILE = "students-demo/Info.plist";
				IPHONEOS_DEPLOYMENT_TARGET = 7.0;
				LD_RUNPATH_SEARCH_PATHS = "$(inherited) @executable_path/Frameworks";
				PRODUCT_BUNDLE_IDENTIFIER = "adam.szabo.students-demo";
				PRODUCT_NAME = "$(TARGET_NAME)";
			};
			name = Debug;
		};
		66AB09C21D24CD06004985E9 /* Release */ = {
			isa = XCBuildConfiguration;
			buildSettings = {
				ASSETCATALOG_COMPILER_APPICON_NAME = AppIcon;
				INFOPLIST_FILE = "students-demo/Info.plist";
				IPHONEOS_DEPLOYMENT_TARGET = 7.0;
				LD_RUNPATH_SEARCH_PATHS = "$(inherited) @executable_path/Frameworks";
				PRODUCT_BUNDLE_IDENTIFIER = "adam.szabo.students-demo";
				PRODUCT_NAME = "$(TARGET_NAME)";
			};
			name = Release;
		};
		66AB09C41D24CD06004985E9 /* Debug */ = {
			isa = XCBuildConfiguration;
			buildSettings = {
				BUNDLE_LOADER = "$(TEST_HOST)";
				INFOPLIST_FILE = "students-demoTests/Info.plist";
				LD_RUNPATH_SEARCH_PATHS = "$(inherited) @executable_path/Frameworks @loader_path/Frameworks";
				PRODUCT_BUNDLE_IDENTIFIER = "adam.szabo.students-demoTests";
				PRODUCT_NAME = "$(TARGET_NAME)";
				TEST_HOST = "$(BUILT_PRODUCTS_DIR)/students-demo.app/students-demo";
			};
			name = Debug;
		};
		66AB09C51D24CD06004985E9 /* Release */ = {
			isa = XCBuildConfiguration;
			buildSettings = {
				BUNDLE_LOADER = "$(TEST_HOST)";
				INFOPLIST_FILE = "students-demoTests/Info.plist";
				LD_RUNPATH_SEARCH_PATHS = "$(inherited) @executable_path/Frameworks @loader_path/Frameworks";
				PRODUCT_BUNDLE_IDENTIFIER = "adam.szabo.students-demoTests";
				PRODUCT_NAME = "$(TARGET_NAME)";
				TEST_HOST = "$(BUILT_PRODUCTS_DIR)/students-demo.app/students-demo";
			};
			name = Release;
		};
		66AB09C71D24CD06004985E9 /* Debug */ = {
			isa = XCBuildConfiguration;
			buildSettings = {
				INFOPLIST_FILE = "students-demoUITests/Info.plist";
				LD_RUNPATH_SEARCH_PATHS = "$(inherited) @executable_path/Frameworks @loader_path/Frameworks";
				PRODUCT_BUNDLE_IDENTIFIER = "adam.szabo.students-demoUITests";
				PRODUCT_NAME = "$(TARGET_NAME)";
				TEST_TARGET_NAME = "students-demo";
			};
			name = Debug;
		};
		66AB09C81D24CD06004985E9 /* Release */ = {
			isa = XCBuildConfiguration;
			buildSettings = {
				INFOPLIST_FILE = "students-demoUITests/Info.plist";
				LD_RUNPATH_SEARCH_PATHS = "$(inherited) @executable_path/Frameworks @loader_path/Frameworks";
				PRODUCT_BUNDLE_IDENTIFIER = "adam.szabo.students-demoUITests";
				PRODUCT_NAME = "$(TARGET_NAME)";
				TEST_TARGET_NAME = "students-demo";
			};
			name = Release;
		};
/* End XCBuildConfiguration section */

/* Begin XCConfigurationList section */
		66AB098B1D24CD05004985E9 /* Build configuration list for PBXProject "students-demo" */ = {
			isa = XCConfigurationList;
			buildConfigurations = (
				66AB09BE1D24CD06004985E9 /* Debug */,
				66AB09BF1D24CD06004985E9 /* Release */,
			);
			defaultConfigurationIsVisible = 0;
			defaultConfigurationName = Release;
		};
		66AB09C01D24CD06004985E9 /* Build configuration list for PBXNativeTarget "students-demo" */ = {
			isa = XCConfigurationList;
			buildConfigurations = (
				66AB09C11D24CD06004985E9 /* Debug */,
				66AB09C21D24CD06004985E9 /* Release */,
			);
			defaultConfigurationIsVisible = 0;
			defaultConfigurationName = Release;
		};
		66AB09C31D24CD06004985E9 /* Build configuration list for PBXNativeTarget "students-demoTests" */ = {
			isa = XCConfigurationList;
			buildConfigurations = (
				66AB09C41D24CD06004985E9 /* Debug */,
				66AB09C51D24CD06004985E9 /* Release */,
			);
			defaultConfigurationIsVisible = 0;
			defaultConfigurationName = Release;
		};
		66AB09C61D24CD06004985E9 /* Build configuration list for PBXNativeTarget "students-demoUITests" */ = {
			isa = XCConfigurationList;
			buildConfigurations = (
				66AB09C71D24CD06004985E9 /* Debug */,
				66AB09C81D24CD06004985E9 /* Release */,
			);
			defaultConfigurationIsVisible = 0;
			defaultConfigurationName = Release;
		};
/* End XCConfigurationList section */

/* Begin XCVersionGroup section */
		66AB099F1D24CD06004985E9 /* students_demo.xcdatamodeld */ = {
			isa = XCVersionGroup;
			children = (
				66AB09A01D24CD06004985E9 /* students_demo.xcdatamodel */,
			);
			currentVersion = 66AB09A01D24CD06004985E9 /* students_demo.xcdatamodel */;
			path = students_demo.xcdatamodeld;
			sourceTree = "<group>";
			versionGroupType = wrapper.xcdatamodel;
		};
/* End XCVersionGroup section */
	};
	rootObject = 66AB09881D24CD05004985E9 /* Project object */;
}
